
Microsoft Visual Studio Solution File, Format Version 12.00
# Visual Studio Version 17
VisualStudioVersion = 17.3.32929.385
MinimumVisualStudioVersion = 10.0.40219.1
Project("{FAE04EC0-301F-11D3-BF4B-00C04F79EFBC}") = "ShopProductsProject", "ShopProductsProject\ShopProductsProject.csproj", "{74DD203C-EE99-43B7-BF52-880323C60899}"
EndProject
Global
	GlobalSection(SolutionConfigurationPlatforms) = preSolution
		Debug|Any CPU = Debug|Any CPU
		Release|Any CPU = Release|Any CPU
	EndGlobalSection
	GlobalSection(ProjectConfigurationPlatforms) = postSolution
		{74DD203C-EE99-43B7-BF52-880323C60899}.Debug|Any CPU.ActiveCfg = Debug|Any CPU
		{74DD203C-EE99-43B7-BF52-880323C60899}.Debug|Any CPU.Build.0 = Debug|Any CPU
		{74DD203C-EE99-43B7-BF52-880323C60899}.Release|Any CPU.ActiveCfg = Release|Any CPU
		{74DD203C-EE99-43B7-BF52-880323C60899}.Release|Any CPU.Build.0 = Release|Any CPU
	EndGlobalSection
	GlobalSection(SolutionProperties) = preSolution
		HideSolutionNode = FALSE
	EndGlobalSection
	GlobalSection(ExtensibilityGlobals) = postSolution
		SolutionGuid = {EA3B152A-7847-4893-8FB3-EB3A83DE7E4D}
	EndGlobalSection
EndGlobal
